# THIS IS AN AUTOGENERATED FILE. DO NOT EDIT THIS FILE DIRECTLY.
# yarn lockfile v1


async-validator@^1.10.0:
  version "1.12.2"
  resolved "https://registry.npm.taobao.org/async-validator/download/async-validator-1.12.2.tgz#beae671e7174d2938b7b4b69d2fb7e722b7fd72c"
  integrity sha1-vq5nHnF00pOLe0tp0vt+cit/1yw=

batch-processor@1.0.0:
  version "1.0.0"
  resolved "https://registry.npm.taobao.org/batch-processor/download/batch-processor-1.0.0.tgz#75c95c32b748e0850d10c2b168f6bdbe9891ace8"
  integrity sha1-dclcMrdI4IUNEMKxaPa9vpiRrOg=

deepmerge@^2.2.1:
  version "2.2.1"
  resolved "https://registry.npm.taobao.org/deepmerge/download/deepmerge-2.2.1.tgz#5d3ff22a01c00f645405a2fbc17d0778a1801170"
  integrity sha1-XT/yKgHAD2RUBaL7wX0HeKGAEXA=

element-resize-detector@^1.2.0:
  version "1.2.0"
  resolved "https://registry.npm.taobao.org/element-resize-detector/download/element-resize-detector-1.2.0.tgz#63344fd6f4e5ecff6f018d027e17b281fd4fa338"
  integrity sha1-YzRP1vTl7P9vAY0Cfheygf1Pozg=
  dependencies:
    batch-processor "1.0.0"

iview@^3.4.2:
  version "3.4.2"
  resolved "https://registry.npm.taobao.org/iview/download/iview-3.4.2.tgz#1deafe8183fe29b9b33179d85faa37b3813b0f73"
  integrity sha1-Her+gYP+KbmzMXnYX6o3s4E7D3M=
  dependencies:
    async-validator "^1.10.0"
    deepmerge "^2.2.1"
    element-resize-detector "^1.2.0"
    js-calendar "^1.2.3"
    lodash.throttle "^4.1.1"
    popper.js "^1.14.6"
    tinycolor2 "^1.4.1"
    v-click-outside-x "^3.5.6"

js-calendar@^1.2.3:
  version "1.2.3"
  resolved "https://registry.npm.taobao.org/js-calendar/download/js-calendar-1.2.3.tgz?cache=0&other_urls=https%3A%2F%2Fregistry.npm.taobao.org%2Fjs-calendar%2Fdownload%2Fjs-calendar-1.2.3.tgz#a583b0644b4e695ba394f344d103dbcc7a7a7d3e"
  integrity sha1-pYOwZEtOaVujlPNE0QPbzHp6fT4=

lodash.throttle@^4.1.1:
  version "4.1.1"
  resolved "https://registry.npm.taobao.org/lodash.throttle/download/lodash.throttle-4.1.1.tgz#c23e91b710242ac70c37f1e1cda9274cc39bf2f4"
  integrity sha1-wj6RtxAkKscMN/HhzaknTMOb8vQ=

popper.js@^1.14.6:
  version "1.15.0"
  resolved "https://registry.npm.taobao.org/popper.js/download/popper.js-1.15.0.tgz#5560b99bbad7647e9faa475c6b8056621f5a4ff2"
  integrity sha1-VWC5m7rXZH6fqkdca4BWYh9aT/I=

tinycolor2@^1.4.1:
  version "1.4.1"
  resolved "https://registry.npm.taobao.org/tinycolor2/download/tinycolor2-1.4.1.tgz#f4fad333447bc0b07d4dc8e9209d8f39a8ac77e8"
  integrity sha1-9PrTM0R7wLB9TcjpIJ2POaisd+g=

v-click-outside-x@^3.5.6:
  version "3.7.1"
  resolved "https://registry.npm.taobao.org/v-click-outside-x/download/v-click-outside-x-3.7.1.tgz#aa03eaa0e41e44cb5207dcf86c2d9f0dd64084c1"
  integrity sha1-qgPqoOQeRMtSB9z4bC2fDdZAhME=
